
Microsoft Visual Studio Solution File, Format Version 12.00
# Visual Studio Version 17
VisualStudioVersion = 17.6.33723.286
MinimumVisualStudioVersion = 10.0.40219.1
Project("{2150E333-8FDC-42A3-9474-1A3956D46DE8}") = "1-Core", "1-Core", "{86A50C9B-6842-40F7-90BD-EF6529778853}"
EndProject
Project("{2150E333-8FDC-42A3-9474-1A3956D46DE8}") = "2-Infrastructure", "2-Infrastructure", "{28703FC6-8D68-4045-A74C-2EE50A23C50F}"
EndProject
Project("{2150E333-8FDC-42A3-9474-1A3956D46DE8}") = "3-Presentation", "3-Presentation", "{BD4390BD-B42A-4CED-993E-9DC5502AF2F9}"
EndProject
Project("{9A19103F-16F7-4668-BE54-9A1E7A4F7556}") = "Kuleli.Shop.Application", "Kuleli.Shop.Application\Kuleli.Shop.Application.csproj", "{307E1E3D-34A4-47C7-886D-21C4CED557ED}"
EndProject
Project("{9A19103F-16F7-4668-BE54-9A1E7A4F7556}") = "Kuleli.Shop.Infrastructure", "Kuleli.Shop.Infrastructure\Kuleli.Shop.Infrastructure.csproj", "{0660745D-EC60-4BEE-BA7B-4AEE782CBAC3}"
EndProject
Project("{9A19103F-16F7-4668-BE54-9A1E7A4F7556}") = "Kuleli.Shop.Persistance(Data)", "Kuleli.Shop.Persistance\Kuleli.Shop.Persistance(Data).csproj", "{8572A766-27A6-4D57-9220-E186F4820343}"
EndProject
Project("{9A19103F-16F7-4668-BE54-9A1E7A4F7556}") = "Kuleli.Shop.Api", "Kuleli.Shop.Api\Kuleli.Shop.Api.csproj", "{7B3E8F5F-2143-4FC5-AEB7-9203BF031236}"
EndProject
Project("{FAE04EC0-301F-11D3-BF4B-00C04F79EFBC}") = "Kuleli.Shop.Domain", "Kuleli.Shop.Domain\Kuleli.Shop.Domain.csproj", "{74FDB51E-3055-41BE-AABF-CE268FFCAF89}"
EndProject
Global
	GlobalSection(SolutionConfigurationPlatforms) = preSolution
		Debug|Any CPU = Debug|Any CPU
		Release|Any CPU = Release|Any CPU
	EndGlobalSection
	GlobalSection(ProjectConfigurationPlatforms) = postSolution
		{307E1E3D-34A4-47C7-886D-21C4CED557ED}.Debug|Any CPU.ActiveCfg = Debug|Any CPU
		{307E1E3D-34A4-47C7-886D-21C4CED557ED}.Debug|Any CPU.Build.0 = Debug|Any CPU
		{307E1E3D-34A4-47C7-886D-21C4CED557ED}.Release|Any CPU.ActiveCfg = Release|Any CPU
		{307E1E3D-34A4-47C7-886D-21C4CED557ED}.Release|Any CPU.Build.0 = Release|Any CPU
		{0660745D-EC60-4BEE-BA7B-4AEE782CBAC3}.Debug|Any CPU.ActiveCfg = Debug|Any CPU
		{0660745D-EC60-4BEE-BA7B-4AEE782CBAC3}.Debug|Any CPU.Build.0 = Debug|Any CPU
		{0660745D-EC60-4BEE-BA7B-4AEE782CBAC3}.Release|Any CPU.ActiveCfg = Release|Any CPU
		{0660745D-EC60-4BEE-BA7B-4AEE782CBAC3}.Release|Any CPU.Build.0 = Release|Any CPU
		{8572A766-27A6-4D57-9220-E186F4820343}.Debug|Any CPU.ActiveCfg = Debug|Any CPU
		{8572A766-27A6-4D57-9220-E186F4820343}.Debug|Any CPU.Build.0 = Debug|Any CPU
		{8572A766-27A6-4D57-9220-E186F4820343}.Release|Any CPU.ActiveCfg = Release|Any CPU
		{8572A766-27A6-4D57-9220-E186F4820343}.Release|Any CPU.Build.0 = Release|Any CPU
		{7B3E8F5F-2143-4FC5-AEB7-9203BF031236}.Debug|Any CPU.ActiveCfg = Debug|Any CPU
		{7B3E8F5F-2143-4FC5-AEB7-9203BF031236}.Debug|Any CPU.Build.0 = Debug|Any CPU
		{7B3E8F5F-2143-4FC5-AEB7-9203BF031236}.Release|Any CPU.ActiveCfg = Release|Any CPU
		{7B3E8F5F-2143-4FC5-AEB7-9203BF031236}.Release|Any CPU.Build.0 = Release|Any CPU
		{74FDB51E-3055-41BE-AABF-CE268FFCAF89}.Debug|Any CPU.ActiveCfg = Debug|Any CPU
		{74FDB51E-3055-41BE-AABF-CE268FFCAF89}.Debug|Any CPU.Build.0 = Debug|Any CPU
		{74FDB51E-3055-41BE-AABF-CE268FFCAF89}.Release|Any CPU.ActiveCfg = Release|Any CPU
		{74FDB51E-3055-41BE-AABF-CE268FFCAF89}.Release|Any CPU.Build.0 = Release|Any CPU
	EndGlobalSection
	GlobalSection(SolutionProperties) = preSolution
		HideSolutionNode = FALSE
	EndGlobalSection
	GlobalSection(NestedProjects) = preSolution
		{307E1E3D-34A4-47C7-886D-21C4CED557ED} = {86A50C9B-6842-40F7-90BD-EF6529778853}
		{0660745D-EC60-4BEE-BA7B-4AEE782CBAC3} = {28703FC6-8D68-4045-A74C-2EE50A23C50F}
		{8572A766-27A6-4D57-9220-E186F4820343} = {28703FC6-8D68-4045-A74C-2EE50A23C50F}
		{7B3E8F5F-2143-4FC5-AEB7-9203BF031236} = {BD4390BD-B42A-4CED-993E-9DC5502AF2F9}
		{74FDB51E-3055-41BE-AABF-CE268FFCAF89} = {86A50C9B-6842-40F7-90BD-EF6529778853}
	EndGlobalSection
	GlobalSection(ExtensibilityGlobals) = postSolution
		SolutionGuid = {4213F9C0-8393-4685-AF21-C262F68F51DA}
	EndGlobalSection
EndGlobal
